// !$*UTF8*$!
{
	archiveVersion = 1;
	classes = {
	};
	objectVersion = 50;
	objects = {

/* Begin PBXBuildFile section */
		44023A0322D4EBE100C155D8 /* DownloadManager.m in Sources */ = {isa = PBXBuildFile; fileRef = 44023A0222D4EBE100C155D8 /* DownloadManager.m */; };
		44023A0922D4FB8600C155D8 /* RelatedPackagesController.m in Sources */ = {isa = PBXBuildFile; fileRef = 44023A0822D4FB8600C155D8 /* RelatedPackagesController.m */; };
		441C48F622E626300008D202 /* man2html.c in Sources */ = {isa = PBXBuildFile; fileRef = 441C48F522E626300008D202 /* man2html.c */; };
		441C48F822E6264D0008D202 /* abbrev.c in Sources */ = {isa = PBXBuildFile; fileRef = 441C48F722E6264D0008D202 /* abbrev.c */; };
		441C48FA22E626650008D202 /* strdefs.c in Sources */ = {isa = PBXBuildFile; fileRef = 441C48F922E626650008D202 /* strdefs.c */; };
		4430D18C22CF810E00F21B28 /* PackageDetailsController.m in Sources */ = {isa = PBXBuildFile; fileRef = 4430D18B22CF810E00F21B28 /* PackageDetailsController.m */; };
		444F0AB922CDF0290029B788 /* PackageCell.m in Sources */ = {isa = PBXBuildFile; fileRef = 444F0A9022CDF0250029B788 /* PackageCell.m */; };
		444F0ABB22CDF0290029B788 /* DPKGParser.m in Sources */ = {isa = PBXBuildFile; fileRef = 444F0A9222CDF0250029B788 /* DPKGParser.m */; };
		444F0ABC22CDF0290029B788 /* Assets.xcassets in Resources */ = {isa = PBXBuildFile; fileRef = 444F0A9322CDF0250029B788 /* Assets.xcassets */; };
		444F0ABD22CDF0290029B788 /* DownloadsController.m in Sources */ = {isa = PBXBuildFile; fileRef = 444F0A9422CDF0250029B788 /* DownloadsController.m */; };
		444F0ABE22CDF0290029B788 /* Launch Screen.storyboard in Resources */ = {isa = PBXBuildFile; fileRef = 444F0A9522CDF0250029B788 /* Launch Screen.storyboard */; };
		444F0ABF22CDF0290029B788 /* Source.m in Sources */ = {isa = PBXBuildFile; fileRef = 444F0A9622CDF0260029B788 /* Source.m */; };
		444F0AC022CDF0290029B788 /* HomeViewController.m in Sources */ = {isa = PBXBuildFile; fileRef = 444F0A9822CDF0260029B788 /* HomeViewController.m */; };
		444F0AC122CDF0290029B788 /* main.m in Sources */ = {isa = PBXBuildFile; fileRef = 444F0A9B22CDF0260029B788 /* main.m */; };
		444F0AC222CDF0290029B788 /* MGTableViewController.m in Sources */ = {isa = PBXBuildFile; fileRef = 444F0A9D22CDF0260029B788 /* MGTableViewController.m */; };
		444F0AC422CDF0290029B788 /* PackageSearchViewController.m in Sources */ = {isa = PBXBuildFile; fileRef = 444F0A9F22CDF0260029B788 /* PackageSearchViewController.m */; };
		444F0AC522CDF0290029B788 /* Database.m in Sources */ = {isa = PBXBuildFile; fileRef = 444F0AA422CDF0270029B788 /* Database.m */; };
		444F0AC622CDF0290029B788 /* MGViewController.m in Sources */ = {isa = PBXBuildFile; fileRef = 444F0AA622CDF0270029B788 /* MGViewController.m */; };
		444F0AC722CDF0290029B788 /* SectionPackagesController.m in Sources */ = {isa = PBXBuildFile; fileRef = 444F0AA822CDF0270029B788 /* SectionPackagesController.m */; };
		444F0AC822CDF0290029B788 /* SectionsController.m in Sources */ = {isa = PBXBuildFile; fileRef = 444F0AA922CDF0270029B788 /* SectionsController.m */; };
		444F0AC922CDF0290029B788 /* UIImage+ResizeImage.m in Sources */ = {isa = PBXBuildFile; fileRef = 444F0AAA22CDF0270029B788 /* UIImage+ResizeImage.m */; };
		444F0ACA22CDF0290029B788 /* PackagesController.m in Sources */ = {isa = PBXBuildFile; fileRef = 444F0AAB22CDF0270029B788 /* PackagesController.m */; };
		444F0ACC22CDF0290029B788 /* SourceCell.m in Sources */ = {isa = PBXBuildFile; fileRef = 444F0AB322CDF0280029B788 /* SourceCell.m */; };
		444F0ACD22CDF0290029B788 /* AppDelegate.m in Sources */ = {isa = PBXBuildFile; fileRef = 444F0AB422CDF0280029B788 /* AppDelegate.m */; };
		444F0ACE22CDF0290029B788 /* Package.m in Sources */ = {isa = PBXBuildFile; fileRef = 444F0AB622CDF0280029B788 /* Package.m */; };
		444F0ACF22CDF0290029B788 /* SourcesViewController.m in Sources */ = {isa = PBXBuildFile; fileRef = 444F0AB722CDF0290029B788 /* SourcesViewController.m */; };
		444F0AD722CDF0530029B788 /* NSData+Decompression.m in Sources */ = {isa = PBXBuildFile; fileRef = 444F0AD222CDF0520029B788 /* NSData+Decompression.m */; };
		444F0ADC22CDF07B0029B788 /* SUStandardVersionComparator.m in Sources */ = {isa = PBXBuildFile; fileRef = 444F0ADA22CDF07B0029B788 /* SUStandardVersionComparator.m */; };
		444F0AE022CDF2600029B788 /* libbz2.tbd in Frameworks */ = {isa = PBXBuildFile; fileRef = 444F0ADF22CDF2600029B788 /* libbz2.tbd */; };
		44602D0B22D78A8800440D8A /* NSFileManager+Tar.m in Sources */ = {isa = PBXBuildFile; fileRef = 44602D0A22D78A8800440D8A /* NSFileManager+Tar.m */; };
		44664E9B22EB2AE40042E8E1 /* FeaturedSourceCell.m in Sources */ = {isa = PBXBuildFile; fileRef = 44664E9A22EB2AE40042E8E1 /* FeaturedSourceCell.m */; };
		447E40D722FD8DE800B6BD2D /* CoreServices.framework in Frameworks */ = {isa = PBXBuildFile; fileRef = 447E40D622FD8DE800B6BD2D /* CoreServices.framework */; };
		4492710322E0986C000F7E51 /* AssetExtensions.m in Sources */ = {isa = PBXBuildFile; fileRef = 4492710222E0986C000F7E51 /* AssetExtensions.m */; };
		4492710622E0BC58000F7E51 /* LocalPackageOverviewController.m in Sources */ = {isa = PBXBuildFile; fileRef = 4492710522E0BC58000F7E51 /* LocalPackageOverviewController.m */; };
		44A5050322ECC33F0004D712 /* AddSourceViewController.m in Sources */ = {isa = PBXBuildFile; fileRef = 44A5050222ECC33F0004D712 /* AddSourceViewController.m */; };
		44A5050622ECC53D0004D712 /* PickerTableViewController.m in Sources */ = {isa = PBXBuildFile; fileRef = 44A5050522ECC53D0004D712 /* PickerTableViewController.m */; };
		44B3E13E22EB6FDD003DFF2F /* AddFeaturedSourceButton.m in Sources */ = {isa = PBXBuildFile; fileRef = 44B3E13D22EB6FDD003DFF2F /* AddFeaturedSourceButton.m */; };
		44CB82A622FB00A800D0E806 /* InstructionsViewController.m in Sources */ = {isa = PBXBuildFile; fileRef = 44CB82A522FB00A800D0E806 /* InstructionsViewController.m */; };
		44CC638322E1D2D500215ED8 /* FilesViewController.m in Sources */ = {isa = PBXBuildFile; fileRef = 44CC638222E1D2D500215ED8 /* FilesViewController.m */; };
		44CE730822D8DC6D00DD7767 /* OngoingDownloadCell.m in Sources */ = {isa = PBXBuildFile; fileRef = 44CE730722D8DC6D00DD7767 /* OngoingDownloadCell.m */; };
		44DA20B722E36DE5009FC7C9 /* ManpageViewController.m in Sources */ = {isa = PBXBuildFile; fileRef = 44DA20B622E36DE5009FC7C9 /* ManpageViewController.m */; };
		44DA20B922E36EF5009FC7C9 /* WebKit.framework in Frameworks */ = {isa = PBXBuildFile; fileRef = 44DA20B822E36EF5009FC7C9 /* WebKit.framework */; };
		44E067D022D7772E0010D4A1 /* liblzma.tbd in Frameworks */ = {isa = PBXBuildFile; fileRef = 44E067CF22D7772E0010D4A1 /* liblzma.tbd */; };
		44EB033222F9A3120034DD4C /* MagmaPreferences.m in Sources */ = {isa = PBXBuildFile; fileRef = 44EB033122F9A3120034DD4C /* MagmaPreferences.m */; };
		44EB033522F9B53E0034DD4C /* PreferencesViewController.m in Sources */ = {isa = PBXBuildFile; fileRef = 44EB033422F9B53E0034DD4C /* PreferencesViewController.m */; };
		44FC335122E7581700F19361 /* HTMLViewController.m in Sources */ = {isa = PBXBuildFile; fileRef = 44FC335022E7581700F19361 /* HTMLViewController.m */; };
		44FC335422E76A3F00F19361 /* SpinnerViewController.m in Sources */ = {isa = PBXBuildFile; fileRef = 44FC335322E76A3F00F19361 /* SpinnerViewController.m */; };
		44FEECD922D471A500950E24 /* TextViewCell.m in Sources */ = {isa = PBXBuildFile; fileRef = 44FEECD822D471A500950E24 /* TextViewCell.m */; };
		CE2314B72337C14E009B069B /* CatalystSplitViewController.m in Sources */ = {isa = PBXBuildFile; fileRef = CE2314B62337C14E009B069B /* CatalystSplitViewController.m */; };
		CEA65531231AA790004D57EC /* DownloadManager.m in Sources */ = {isa = PBXBuildFile; fileRef = 44023A0222D4EBE100C155D8 /* DownloadManager.m */; };
		CEA65532231AA790004D57EC /* MGViewController.m in Sources */ = {isa = PBXBuildFile; fileRef = 444F0AA622CDF0270029B788 /* MGViewController.m */; };
		CEA65533231AA790004D57EC /* UIImage+ResizeImage.m in Sources */ = {isa = PBXBuildFile; fileRef = 444F0AAA22CDF0270029B788 /* UIImage+ResizeImage.m */; };
		CEA65534231AA790004D57EC /* FilesViewController.m in Sources */ = {isa = PBXBuildFile; fileRef = 44CC638222E1D2D500215ED8 /* FilesViewController.m */; };
		CEA65535231AA790004D57EC /* Package.m in Sources */ = {isa = PBXBuildFile; fileRef = 444F0AB622CDF0280029B788 /* Package.m */; };
		CEA65536231AA790004D57EC /* AppDelegate.m in Sources */ = {isa = PBXBuildFile; fileRef = 444F0AB422CDF0280029B788 /* AppDelegate.m */; };
		CEA65537231AA790004D57EC /* RelatedPackagesController.m in Sources */ = {isa = PBXBuildFile; fileRef = 44023A0822D4FB8600C155D8 /* RelatedPackagesController.m */; };
		CEA65538231AA790004D57EC /* MGTableViewController.m in Sources */ = {isa = PBXBuildFile; fileRef = 444F0A9D22CDF0260029B788 /* MGTableViewController.m */; };
		CEA65539231AA790004D57EC /* SourcesViewController.m in Sources */ = {isa = PBXBuildFile; fileRef = 444F0AB722CDF0290029B788 /* SourcesViewController.m */; };
		CEA6553A231AA790004D57EC /* SUStandardVersionComparator.m in Sources */ = {isa = PBXBuildFile; fileRef = 444F0ADA22CDF07B0029B788 /* SUStandardVersionComparator.m */; };
		CEA6553B231AA790004D57EC /* PreferencesViewController.m in Sources */ = {isa = PBXBuildFile; fileRef = 44EB033422F9B53E0034DD4C /* PreferencesViewController.m */; };
		CEA6553C231AA790004D57EC /* MagmaPreferences.m in Sources */ = {isa = PBXBuildFile; fileRef = 44EB033122F9A3120034DD4C /* MagmaPreferences.m */; };
		CEA6553D231AA790004D57EC /* SectionPackagesController.m in Sources */ = {isa = PBXBuildFile; fileRef = 444F0AA822CDF0270029B788 /* SectionPackagesController.m */; };
		CEA6553E231AA790004D57EC /* PackageDetailsController.m in Sources */ = {isa = PBXBuildFile; fileRef = 4430D18B22CF810E00F21B28 /* PackageDetailsController.m */; };
		CEA6553F231AA790004D57EC /* AssetExtensions.m in Sources */ = {isa = PBXBuildFile; fileRef = 4492710222E0986C000F7E51 /* AssetExtensions.m */; };
		CEA65540231AA790004D57EC /* AddSourceViewController.m in Sources */ = {isa = PBXBuildFile; fileRef = 44A5050222ECC33F0004D712 /* AddSourceViewController.m */; };
		CEA65541231AA790004D57EC /* PickerTableViewController.m in Sources */ = {isa = PBXBuildFile; fileRef = 44A5050522ECC53D0004D712 /* PickerTableViewController.m */; };
		CEA65542231AA790004D57EC /* TextViewCell.m in Sources */ = {isa = PBXBuildFile; fileRef = 44FEECD822D471A500950E24 /* TextViewCell.m */; };
		CEA65543231AA790004D57EC /* Source.m in Sources */ = {isa = PBXBuildFile; fileRef = 444F0A9622CDF0260029B788 /* Source.m */; };
		CEA65544231AA790004D57EC /* abbrev.c in Sources */ = {isa = PBXBuildFile; fileRef = 441C48F722E6264D0008D202 /* abbrev.c */; };
		CEA65545231AA790004D57EC /* ManpageViewController.m in Sources */ = {isa = PBXBuildFile; fileRef = 44DA20B622E36DE5009FC7C9 /* ManpageViewController.m */; };
		CEA65546231AA790004D57EC /* PackagesController.m in Sources */ = {isa = PBXBuildFile; fileRef = 444F0AAB22CDF0270029B788 /* PackagesController.m */; };
		CEA65547231AA790004D57EC /* NSData+Decompression.m in Sources */ = {isa = PBXBuildFile; fileRef = 444F0AD222CDF0520029B788 /* NSData+Decompression.m */; };
		CEA65548231AA790004D57EC /* LocalPackageOverviewController.m in Sources */ = {isa = PBXBuildFile; fileRef = 4492710522E0BC58000F7E51 /* LocalPackageOverviewController.m */; };
		CEA65549231AA790004D57EC /* SpinnerViewController.m in Sources */ = {isa = PBXBuildFile; fileRef = 44FC335322E76A3F00F19361 /* SpinnerViewController.m */; };
		CEA6554A231AA790004D57EC /* SourceCell.m in Sources */ = {isa = PBXBuildFile; fileRef = 444F0AB322CDF0280029B788 /* SourceCell.m */; };
		CEA6554B231AA790004D57EC /* PackageSearchViewController.m in Sources */ = {isa = PBXBuildFile; fileRef = 444F0A9F22CDF0260029B788 /* PackageSearchViewController.m */; };
		CEA6554C231AA790004D57EC /* NSFileManager+Tar.m in Sources */ = {isa = PBXBuildFile; fileRef = 44602D0A22D78A8800440D8A /* NSFileManager+Tar.m */; };
		CEA6554D231AA790004D57EC /* FeaturedSourceCell.m in Sources */ = {isa = PBXBuildFile; fileRef = 44664E9A22EB2AE40042E8E1 /* FeaturedSourceCell.m */; };
		CEA6554E231AA790004D57EC /* DPKGParser.m in Sources */ = {isa = PBXBuildFile; fileRef = 444F0A9222CDF0250029B788 /* DPKGParser.m */; };
		CEA6554F231AA790004D57EC /* AddFeaturedSourceButton.m in Sources */ = {isa = PBXBuildFile; fileRef = 44B3E13D22EB6FDD003DFF2F /* AddFeaturedSourceButton.m */; };
		CEA65550231AA790004D57EC /* PackageCell.m in Sources */ = {isa = PBXBuildFile; fileRef = 444F0A9022CDF0250029B788 /* PackageCell.m */; };
		CEA65551231AA790004D57EC /* strdefs.c in Sources */ = {isa = PBXBuildFile; fileRef = 441C48F922E626650008D202 /* strdefs.c */; };
		CEA65552231AA790004D57EC /* Database.m in Sources */ = {isa = PBXBuildFile; fileRef = 444F0AA422CDF0270029B788 /* Database.m */; };
		CEA65553231AA790004D57EC /* HomeViewController.m in Sources */ = {isa = PBXBuildFile; fileRef = 444F0A9822CDF0260029B788 /* HomeViewController.m */; };
		CEA65554231AA790004D57EC /* SectionsController.m in Sources */ = {isa = PBXBuildFile; fileRef = 444F0AA922CDF0270029B788 /* SectionsController.m */; };
		CEA65555231AA790004D57EC /* main.m in Sources */ = {isa = PBXBuildFile; fileRef = 444F0A9B22CDF0260029B788 /* main.m */; };
		CEA65556231AA790004D57EC /* DownloadsController.m in Sources */ = {isa = PBXBuildFile; fileRef = 444F0A9422CDF0250029B788 /* DownloadsController.m */; };
		CEA65557231AA790004D57EC /* InstructionsViewController.m in Sources */ = {isa = PBXBuildFile; fileRef = 44CB82A522FB00A800D0E806 /* InstructionsViewController.m */; };
		CEA65558231AA790004D57EC /* HTMLViewController.m in Sources */ = {isa = PBXBuildFile; fileRef = 44FC335022E7581700F19361 /* HTMLViewController.m */; };
		CEA65559231AA790004D57EC /* man2html.c in Sources */ = {isa = PBXBuildFile; fileRef = 441C48F522E626300008D202 /* man2html.c */; };
		CEA6555A231AA790004D57EC /* OngoingDownloadCell.m in Sources */ = {isa = PBXBuildFile; fileRef = 44CE730722D8DC6D00DD7767 /* OngoingDownloadCell.m */; };
		CEA6555C231AA790004D57EC /* CoreServices.framework in Frameworks */ = {isa = PBXBuildFile; fileRef = 447E40D622FD8DE800B6BD2D /* CoreServices.framework */; };
		CEA6555D231AA790004D57EC /* WebKit.framework in Frameworks */ = {isa = PBXBuildFile; fileRef = 44DA20B822E36EF5009FC7C9 /* WebKit.framework */; };
		CEA6555E231AA790004D57EC /* liblzma.tbd in Frameworks */ = {isa = PBXBuildFile; fileRef = 44E067CF22D7772E0010D4A1 /* liblzma.tbd */; };
		CEA6555F231AA790004D57EC /* libbz2.tbd in Frameworks */ = {isa = PBXBuildFile; fileRef = 444F0ADF22CDF2600029B788 /* libbz2.tbd */; };
		CEA65561231AA790004D57EC /* Launch Screen.storyboard in Resources */ = {isa = PBXBuildFile; fileRef = 444F0A9522CDF0250029B788 /* Launch Screen.storyboard */; };
		CEA65562231AA790004D57EC /* Assets.xcassets in Resources */ = {isa = PBXBuildFile; fileRef = 444F0A9322CDF0250029B788 /* Assets.xcassets */; };
/* End PBXBuildFile section */

/* Begin PBXFileReference section */
		44023A0122D4EBE100C155D8 /* DownloadManager.h */ = {isa = PBXFileReference; lastKnownFileType = sourcecode.c.h; path = DownloadManager.h; sourceTree = "<group>"; };
		44023A0222D4EBE100C155D8 /* DownloadManager.m */ = {isa = PBXFileReference; lastKnownFileType = sourcecode.c.objc; path = DownloadManager.m; sourceTree = "<group>"; };
		44023A0722D4FB8600C155D8 /* RelatedPackagesController.h */ = {isa = PBXFileReference; lastKnownFileType = sourcecode.c.h; path = RelatedPackagesController.h; sourceTree = "<group>"; };
		44023A0822D4FB8600C155D8 /* RelatedPackagesController.m */ = {isa = PBXFileReference; lastKnownFileType = sourcecode.c.objc; path = RelatedPackagesController.m; sourceTree = "<group>"; };
		441C48F422E620F60008D202 /* man2html.h */ = {isa = PBXFileReference; lastKnownFileType = sourcecode.c.h; path = man2html.h; sourceTree = "<group>"; };
		441C48F522E626300008D202 /* man2html.c */ = {isa = PBXFileReference; lastKnownFileType = sourcecode.c.c; path = man2html.c; sourceTree = "<group>"; };
		441C48F722E6264D0008D202 /* abbrev.c */ = {isa = PBXFileReference; lastKnownFileType = sourcecode.c.c; path = abbrev.c; sourceTree = "<group>"; };
		441C48F922E626650008D202 /* strdefs.c */ = {isa = PBXFileReference; lastKnownFileType = sourcecode.c.c; path = strdefs.c; sourceTree = "<group>"; };
		441C48FB22E6267B0008D202 /* defs.h */ = {isa = PBXFileReference; lastKnownFileType = sourcecode.c.h; path = defs.h; sourceTree = "<group>"; };
		4430D18A22CF810E00F21B28 /* PackageDetailsController.h */ = {isa = PBXFileReference; lastKnownFileType = sourcecode.c.h; path = PackageDetailsController.h; sourceTree = "<group>"; };
		4430D18B22CF810E00F21B28 /* PackageDetailsController.m */ = {isa = PBXFileReference; lastKnownFileType = sourcecode.c.objc; path = PackageDetailsController.m; sourceTree = "<group>"; };
		444F0A8F22CDF0250029B788 /* PackageSearchViewController.h */ = {isa = PBXFileReference; fileEncoding = 4; lastKnownFileType = sourcecode.c.h; path = PackageSearchViewController.h; sourceTree = "<group>"; };
		444F0A9022CDF0250029B788 /* PackageCell.m */ = {isa = PBXFileReference; fileEncoding = 4; lastKnownFileType = sourcecode.c.objc; path = PackageCell.m; sourceTree = "<group>"; };
		444F0A9222CDF0250029B788 /* DPKGParser.m */ = {isa = PBXFileReference; fileEncoding = 4; lastKnownFileType = sourcecode.c.objc; path = DPKGParser.m; sourceTree = "<group>"; };
		444F0A9322CDF0250029B788 /* Assets.xcassets */ = {isa = PBXFileReference; lastKnownFileType = folder.assetcatalog; path = Assets.xcassets; sourceTree = "<group>"; };
		444F0A9422CDF0250029B788 /* DownloadsController.m */ = {isa = PBXFileReference; fileEncoding = 4; lastKnownFileType = sourcecode.c.objc; path = DownloadsController.m; sourceTree = "<group>"; };
		444F0A9522CDF0250029B788 /* Launch Screen.storyboard */ = {isa = PBXFileReference; fileEncoding = 4; lastKnownFileType = file.storyboard; path = "Launch Screen.storyboard"; sourceTree = "<group>"; };
		444F0A9622CDF0260029B788 /* Source.m */ = {isa = PBXFileReference; fileEncoding = 4; lastKnownFileType = sourcecode.c.objc; lineEnding = 0; path = Source.m; sourceTree = "<group>"; };
		444F0A9822CDF0260029B788 /* HomeViewController.m */ = {isa = PBXFileReference; fileEncoding = 4; lastKnownFileType = sourcecode.c.objc; path = HomeViewController.m; sourceTree = "<group>"; };
		444F0A9922CDF0260029B788 /* MGViewController.h */ = {isa = PBXFileReference; fileEncoding = 4; lastKnownFileType = sourcecode.c.h; path = MGViewController.h; sourceTree = "<group>"; };
		444F0A9A22CDF0260029B788 /* DPKGParser.h */ = {isa = PBXFileReference; fileEncoding = 4; lastKnownFileType = sourcecode.c.h; path = DPKGParser.h; sourceTree = "<group>"; };
		444F0A9B22CDF0260029B788 /* main.m */ = {isa = PBXFileReference; fileEncoding = 4; lastKnownFileType = sourcecode.c.objc; path = main.m; sourceTree = "<group>"; };
		444F0A9C22CDF0260029B788 /* DownloadsController.h */ = {isa = PBXFileReference; fileEncoding = 4; lastKnownFileType = sourcecode.c.h; path = DownloadsController.h; sourceTree = "<group>"; };
		444F0A9D22CDF0260029B788 /* MGTableViewController.m */ = {isa = PBXFileReference; fileEncoding = 4; lastKnownFileType = sourcecode.c.objc; path = MGTableViewController.m; sourceTree = "<group>"; };
		444F0A9F22CDF0260029B788 /* PackageSearchViewController.m */ = {isa = PBXFileReference; fileEncoding = 4; lastKnownFileType = sourcecode.c.objc; path = PackageSearchViewController.m; sourceTree = "<group>"; };
		444F0AA022CDF0260029B788 /* SectionsController.h */ = {isa = PBXFileReference; fileEncoding = 4; lastKnownFileType = sourcecode.c.h; path = SectionsController.h; sourceTree = "<group>"; };
		444F0AA122CDF0270029B788 /* SourceCell.h */ = {isa = PBXFileReference; fileEncoding = 4; lastKnownFileType = sourcecode.c.h; path = SourceCell.h; sourceTree = "<group>"; };
		444F0AA322CDF0270029B788 /* MGTableViewController.h */ = {isa = PBXFileReference; fileEncoding = 4; lastKnownFileType = sourcecode.c.h; path = MGTableViewController.h; sourceTree = "<group>"; };
		444F0AA422CDF0270029B788 /* Database.m */ = {isa = PBXFileReference; fileEncoding = 4; lastKnownFileType = sourcecode.c.objc; path = Database.m; sourceTree = "<group>"; };
		444F0AA522CDF0270029B788 /* HomeViewController.h */ = {isa = PBXFileReference; fileEncoding = 4; lastKnownFileType = sourcecode.c.h; path = HomeViewController.h; sourceTree = "<group>"; };
		444F0AA622CDF0270029B788 /* MGViewController.m */ = {isa = PBXFileReference; fileEncoding = 4; lastKnownFileType = sourcecode.c.objc; path = MGViewController.m; sourceTree = "<group>"; };
		444F0AA722CDF0270029B788 /* PackagesController.h */ = {isa = PBXFileReference; fileEncoding = 4; lastKnownFileType = sourcecode.c.h; path = PackagesController.h; sourceTree = "<group>"; };
		444F0AA822CDF0270029B788 /* SectionPackagesController.m */ = {isa = PBXFileReference; fileEncoding = 4; lastKnownFileType = sourcecode.c.objc; path = SectionPackagesController.m; sourceTree = "<group>"; };
		444F0AA922CDF0270029B788 /* SectionsController.m */ = {isa = PBXFileReference; fileEncoding = 4; lastKnownFileType = sourcecode.c.objc; path = SectionsController.m; sourceTree = "<group>"; };
		444F0AAA22CDF0270029B788 /* UIImage+ResizeImage.m */ = {isa = PBXFileReference; fileEncoding = 4; lastKnownFileType = sourcecode.c.objc; path = "UIImage+ResizeImage.m"; sourceTree = "<group>"; };
		444F0AAB22CDF0270029B788 /* PackagesController.m */ = {isa = PBXFileReference; fileEncoding = 4; lastKnownFileType = sourcecode.c.objc; path = PackagesController.m; sourceTree = "<group>"; };
		444F0AAC22CDF0280029B788 /* UIImage+ResizeImage.h */ = {isa = PBXFileReference; fileEncoding = 4; lastKnownFileType = sourcecode.c.h; path = "UIImage+ResizeImage.h"; sourceTree = "<group>"; };
		444F0AAE22CDF0280029B788 /* PackageCell.h */ = {isa = PBXFileReference; fileEncoding = 4; lastKnownFileType = sourcecode.c.h; path = PackageCell.h; sourceTree = "<group>"; };
		444F0AAF22CDF0280029B788 /* Package.h */ = {isa = PBXFileReference; fileEncoding = 4; lastKnownFileType = sourcecode.c.h; path = Package.h; sourceTree = "<group>"; };
		444F0AB022CDF0280029B788 /* SourcesViewController.h */ = {isa = PBXFileReference; fileEncoding = 4; lastKnownFileType = sourcecode.c.h; path = SourcesViewController.h; sourceTree = "<group>"; };
		444F0AB122CDF0280029B788 /* AppDelegate.h */ = {isa = PBXFileReference; fileEncoding = 4; lastKnownFileType = sourcecode.c.h; path = AppDelegate.h; sourceTree = "<group>"; };
		444F0AB222CDF0280029B788 /* Source.h */ = {isa = PBXFileReference; fileEncoding = 4; lastKnownFileType = sourcecode.c.h; path = Source.h; sourceTree = "<group>"; };
		444F0AB322CDF0280029B788 /* SourceCell.m */ = {isa = PBXFileReference; fileEncoding = 4; lastKnownFileType = sourcecode.c.objc; path = SourceCell.m; sourceTree = "<group>"; };
		444F0AB422CDF0280029B788 /* AppDelegate.m */ = {isa = PBXFileReference; fileEncoding = 4; lastKnownFileType = sourcecode.c.objc; path = AppDelegate.m; sourceTree = "<group>"; };
		444F0AB522CDF0280029B788 /* Database.h */ = {isa = PBXFileReference; fileEncoding = 4; lastKnownFileType = sourcecode.c.h; path = Database.h; sourceTree = "<group>"; };
		444F0AB622CDF0280029B788 /* Package.m */ = {isa = PBXFileReference; fileEncoding = 4; lastKnownFileType = sourcecode.c.objc; path = Package.m; sourceTree = "<group>"; };
		444F0AB722CDF0290029B788 /* SourcesViewController.m */ = {isa = PBXFileReference; fileEncoding = 4; lastKnownFileType = sourcecode.c.objc; path = SourcesViewController.m; sourceTree = "<group>"; };
		444F0AB822CDF0290029B788 /* SectionPackagesController.h */ = {isa = PBXFileReference; fileEncoding = 4; lastKnownFileType = sourcecode.c.h; path = SectionPackagesController.h; sourceTree = "<group>"; };
		444F0AD222CDF0520029B788 /* NSData+Decompression.m */ = {isa = PBXFileReference; fileEncoding = 4; lastKnownFileType = sourcecode.c.objc; path = "NSData+Decompression.m"; sourceTree = "<group>"; };
		444F0AD522CDF0530029B788 /* Compression.h */ = {isa = PBXFileReference; fileEncoding = 4; lastKnownFileType = sourcecode.c.h; path = Compression.h; sourceTree = "<group>"; };
		444F0AD622CDF0530029B788 /* NSData+Decompression.h */ = {isa = PBXFileReference; fileEncoding = 4; lastKnownFileType = sourcecode.c.h; path = "NSData+Decompression.h"; sourceTree = "<group>"; };
		444F0ADA22CDF07B0029B788 /* SUStandardVersionComparator.m */ = {isa = PBXFileReference; fileEncoding = 4; lastKnownFileType = sourcecode.c.objc; path = SUStandardVersionComparator.m; sourceTree = "<group>"; };
		444F0ADB22CDF07B0029B788 /* SUStandardVersionComparator.h */ = {isa = PBXFileReference; fileEncoding = 4; lastKnownFileType = sourcecode.c.h; path = SUStandardVersionComparator.h; sourceTree = "<group>"; };
		444F0ADF22CDF2600029B788 /* libbz2.tbd */ = {isa = PBXFileReference; lastKnownFileType = "sourcecode.text-based-dylib-definition"; name = libbz2.tbd; path = usr/lib/libbz2.tbd; sourceTree = SDKROOT; };
		444F0AE322CDF3140029B788 /* Info.plist */ = {isa = PBXFileReference; lastKnownFileType = text.plist.xml; path = Info.plist; sourceTree = "<group>"; };
		44564A8022D35D7F00D7FA70 /* libz.tbd */ = {isa = PBXFileReference; lastKnownFileType = "sourcecode.text-based-dylib-definition"; name = libz.tbd; path = usr/lib/libz.tbd; sourceTree = SDKROOT; };
		44602D0922D78A8800440D8A /* NSFileManager+Tar.h */ = {isa = PBXFileReference; lastKnownFileType = sourcecode.c.h; path = "NSFileManager+Tar.h"; sourceTree = "<group>"; };
		44602D0A22D78A8800440D8A /* NSFileManager+Tar.m */ = {isa = PBXFileReference; lastKnownFileType = sourcecode.c.objc; path = "NSFileManager+Tar.m"; sourceTree = "<group>"; };
		44664E9922EB2AE40042E8E1 /* FeaturedSourceCell.h */ = {isa = PBXFileReference; lastKnownFileType = sourcecode.c.h; path = FeaturedSourceCell.h; sourceTree = "<group>"; };
		44664E9A22EB2AE40042E8E1 /* FeaturedSourceCell.m */ = {isa = PBXFileReference; lastKnownFileType = sourcecode.c.objc; path = FeaturedSourceCell.m; sourceTree = "<group>"; };
		447DD39222CDEB1E00E6480F /* Magma.app */ = {isa = PBXFileReference; explicitFileType = wrapper.application; includeInIndex = 0; path = Magma.app; sourceTree = BUILT_PRODUCTS_DIR; };
		447E40D622FD8DE800B6BD2D /* CoreServices.framework */ = {isa = PBXFileReference; lastKnownFileType = wrapper.framework; name = CoreServices.framework; path = System/Library/Frameworks/CoreServices.framework; sourceTree = SDKROOT; };
		4492710122E0986C000F7E51 /* AssetExtensions.h */ = {isa = PBXFileReference; lastKnownFileType = sourcecode.c.h; path = AssetExtensions.h; sourceTree = "<group>"; };
		4492710222E0986C000F7E51 /* AssetExtensions.m */ = {isa = PBXFileReference; lastKnownFileType = sourcecode.c.objc; path = AssetExtensions.m; sourceTree = "<group>"; };
		4492710422E0BC58000F7E51 /* LocalPackageOverviewController.h */ = {isa = PBXFileReference; lastKnownFileType = sourcecode.c.h; path = LocalPackageOverviewController.h; sourceTree = "<group>"; };
		4492710522E0BC58000F7E51 /* LocalPackageOverviewController.m */ = {isa = PBXFileReference; lastKnownFileType = sourcecode.c.objc; path = LocalPackageOverviewController.m; sourceTree = "<group>"; };
		44A5050122ECC33F0004D712 /* AddSourceViewController.h */ = {isa = PBXFileReference; lastKnownFileType = sourcecode.c.h; path = AddSourceViewController.h; sourceTree = "<group>"; };
		44A5050222ECC33F0004D712 /* AddSourceViewController.m */ = {isa = PBXFileReference; lastKnownFileType = sourcecode.c.objc; path = AddSourceViewController.m; sourceTree = "<group>"; };
		44A5050422ECC53D0004D712 /* PickerTableViewController.h */ = {isa = PBXFileReference; lastKnownFileType = sourcecode.c.h; path = PickerTableViewController.h; sourceTree = "<group>"; };
		44A5050522ECC53D0004D712 /* PickerTableViewController.m */ = {isa = PBXFileReference; lastKnownFileType = sourcecode.c.objc; path = PickerTableViewController.m; sourceTree = "<group>"; };
		44AE060F22FC1D110025D7A8 /* macros.pch */ = {isa = PBXFileReference; lastKnownFileType = sourcecode.c.h; path = macros.pch; sourceTree = "<group>"; };
		44B3E13C22EB6FDD003DFF2F /* AddFeaturedSourceButton.h */ = {isa = PBXFileReference; lastKnownFileType = sourcecode.c.h; path = AddFeaturedSourceButton.h; sourceTree = "<group>"; };
		44B3E13D22EB6FDD003DFF2F /* AddFeaturedSourceButton.m */ = {isa = PBXFileReference; lastKnownFileType = sourcecode.c.objc; path = AddFeaturedSourceButton.m; sourceTree = "<group>"; };
		44CB82A422FB00A800D0E806 /* InstructionsViewController.h */ = {isa = PBXFileReference; lastKnownFileType = sourcecode.c.h; path = InstructionsViewController.h; sourceTree = "<group>"; };
		44CB82A522FB00A800D0E806 /* InstructionsViewController.m */ = {isa = PBXFileReference; lastKnownFileType = sourcecode.c.objc; path = InstructionsViewController.m; sourceTree = "<group>"; };
		44CC638122E1D2D500215ED8 /* FilesViewController.h */ = {isa = PBXFileReference; lastKnownFileType = sourcecode.c.h; path = FilesViewController.h; sourceTree = "<group>"; };
		44CC638222E1D2D500215ED8 /* FilesViewController.m */ = {isa = PBXFileReference; lastKnownFileType = sourcecode.c.objc; path = FilesViewController.m; sourceTree = "<group>"; };
		44CE730622D8DC6D00DD7767 /* OngoingDownloadCell.h */ = {isa = PBXFileReference; lastKnownFileType = sourcecode.c.h; path = OngoingDownloadCell.h; sourceTree = "<group>"; };
		44CE730722D8DC6D00DD7767 /* OngoingDownloadCell.m */ = {isa = PBXFileReference; lastKnownFileType = sourcecode.c.objc; path = OngoingDownloadCell.m; sourceTree = "<group>"; };
		44DA20B522E36DE5009FC7C9 /* ManpageViewController.h */ = {isa = PBXFileReference; lastKnownFileType = sourcecode.c.h; path = ManpageViewController.h; sourceTree = "<group>"; };
		44DA20B622E36DE5009FC7C9 /* ManpageViewController.m */ = {isa = PBXFileReference; lastKnownFileType = sourcecode.c.objc; path = ManpageViewController.m; sourceTree = "<group>"; };
		44DA20B822E36EF5009FC7C9 /* WebKit.framework */ = {isa = PBXFileReference; lastKnownFileType = wrapper.framework; name = WebKit.framework; path = System/Library/Frameworks/WebKit.framework; sourceTree = SDKROOT; };
		44E067CF22D7772E0010D4A1 /* liblzma.tbd */ = {isa = PBXFileReference; lastKnownFileType = "sourcecode.text-based-dylib-definition"; name = liblzma.tbd; path = usr/lib/liblzma.tbd; sourceTree = SDKROOT; };
		44EB033022F9A3120034DD4C /* MagmaPreferences.h */ = {isa = PBXFileReference; lastKnownFileType = sourcecode.c.h; path = MagmaPreferences.h; sourceTree = "<group>"; };
		44EB033122F9A3120034DD4C /* MagmaPreferences.m */ = {isa = PBXFileReference; lastKnownFileType = sourcecode.c.objc; path = MagmaPreferences.m; sourceTree = "<group>"; };
		44EB033322F9B53E0034DD4C /* PreferencesViewController.h */ = {isa = PBXFileReference; lastKnownFileType = sourcecode.c.h; path = PreferencesViewController.h; sourceTree = "<group>"; };
		44EB033422F9B53E0034DD4C /* PreferencesViewController.m */ = {isa = PBXFileReference; lastKnownFileType = sourcecode.c.objc; path = PreferencesViewController.m; sourceTree = "<group>"; };
		44FC334F22E7581700F19361 /* HTMLViewController.h */ = {isa = PBXFileReference; lastKnownFileType = sourcecode.c.h; path = HTMLViewController.h; sourceTree = "<group>"; };
		44FC335022E7581700F19361 /* HTMLViewController.m */ = {isa = PBXFileReference; lastKnownFileType = sourcecode.c.objc; path = HTMLViewController.m; sourceTree = "<group>"; };
		44FC335222E76A3F00F19361 /* SpinnerViewController.h */ = {isa = PBXFileReference; lastKnownFileType = sourcecode.c.h; path = SpinnerViewController.h; sourceTree = "<group>"; };
		44FC335322E76A3F00F19361 /* SpinnerViewController.m */ = {isa = PBXFileReference; lastKnownFileType = sourcecode.c.objc; path = SpinnerViewController.m; sourceTree = "<group>"; };
		44FEECD722D471A500950E24 /* TextViewCell.h */ = {isa = PBXFileReference; lastKnownFileType = sourcecode.c.h; path = TextViewCell.h; sourceTree = "<group>"; };
		44FEECD822D471A500950E24 /* TextViewCell.m */ = {isa = PBXFileReference; lastKnownFileType = sourcecode.c.objc; path = TextViewCell.m; sourceTree = "<group>"; };
		CE2314B52337C14E009B069B /* CatalystSplitViewController.h */ = {isa = PBXFileReference; lastKnownFileType = sourcecode.c.h; path = CatalystSplitViewController.h; sourceTree = "<group>"; };
		CE2314B62337C14E009B069B /* CatalystSplitViewController.m */ = {isa = PBXFileReference; lastKnownFileType = sourcecode.c.objc; path = CatalystSplitViewController.m; sourceTree = "<group>"; };
		CE37428C2326AD5A0079FBBE /* macros.pch */ = {isa = PBXFileReference; lastKnownFileType = sourcecode.c.h; path = macros.pch; sourceTree = "<group>"; };
		CE37428D2326AE890079FBBE /* macros.pch */ = {isa = PBXFileReference; lastKnownFileType = sourcecode.c.h; path = macros.pch; sourceTree = "<group>"; };
		CE577A442336B24E008312F9 /* MagmaMac.entitlements */ = {isa = PBXFileReference; lastKnownFileType = text.plist.entitlements; path = MagmaMac.entitlements; sourceTree = "<group>"; };
		CE577A452336B25E008312F9 /* Magma.entitlements */ = {isa = PBXFileReference; lastKnownFileType = text.plist.entitlements; path = Magma.entitlements; sourceTree = "<group>"; };
		CEA65566231AA790004D57EC /* MagmaAPT.app */ = {isa = PBXFileReference; explicitFileType = wrapper.application; includeInIndex = 0; path = MagmaAPT.app; sourceTree = BUILT_PRODUCTS_DIR; };
/* End PBXFileReference section */

/* Begin PBXFrameworksBuildPhase section */
		447DD38F22CDEB1E00E6480F /* Frameworks */ = {
			isa = PBXFrameworksBuildPhase;
			buildActionMask = 2147483647;
			files = (
				447E40D722FD8DE800B6BD2D /* CoreServices.framework in Frameworks */,
				44DA20B922E36EF5009FC7C9 /* WebKit.framework in Frameworks */,
				44E067D022D7772E0010D4A1 /* liblzma.tbd in Frameworks */,
				444F0AE022CDF2600029B788 /* libbz2.tbd in Frameworks */,
			);
			runOnlyForDeploymentPostprocessing = 0;
		};
		CEA6555B231AA790004D57EC /* Frameworks */ = {
			isa = PBXFrameworksBuildPhase;
			buildActionMask = 2147483647;
			files = (
				CEA6555C231AA790004D57EC /* CoreServices.framework in Frameworks */,
				CEA6555D231AA790004D57EC /* WebKit.framework in Frameworks */,
				CEA6555E231AA790004D57EC /* liblzma.tbd in Frameworks */,
				CEA6555F231AA790004D57EC /* libbz2.tbd in Frameworks */,
			);
			runOnlyForDeploymentPostprocessing = 0;
		};
/* End PBXFrameworksBuildPhase section */

/* Begin PBXGroup section */
		441C48F122E620C50008D202 /* man2html */ = {
			isa = PBXGroup;
			children = (
				441C48F422E620F60008D202 /* man2html.h */,
				441C48F522E626300008D202 /* man2html.c */,
				441C48F722E6264D0008D202 /* abbrev.c */,
				441C48F922E626650008D202 /* strdefs.c */,
				441C48FB22E6267B0008D202 /* defs.h */,
			);
			path = man2html;
			sourceTree = "<group>";
		};
		444F0A8D22CDF0170029B788 /* Magma */ = {
			isa = PBXGroup;
			children = (
				CE4071C62337783600F8E96A /* macOS */,
				CE4071C52337782900F8E96A /* iOS */,
				CE577A452336B25E008312F9 /* Magma.entitlements */,
				CEA6556B231AA7DF004D57EC /* Shared */,
				444F0A9322CDF0250029B788 /* Assets.xcassets */,
			);
			path = Magma;
			sourceTree = "<group>";
		};
		444F0AD122CDF0430029B788 /* Compression */ = {
			isa = PBXGroup;
			children = (
				444F0AD522CDF0530029B788 /* Compression.h */,
				444F0AD622CDF0530029B788 /* NSData+Decompression.h */,
				444F0AD222CDF0520029B788 /* NSData+Decompression.m */,
				44602D0922D78A8800440D8A /* NSFileManager+Tar.h */,
				44602D0A22D78A8800440D8A /* NSFileManager+Tar.m */,
			);
			path = Compression;
			sourceTree = "<group>";
		};
		444F0AD922CDF06C0029B788 /* SUStandardVersionComparator */ = {
			isa = PBXGroup;
			children = (
				444F0ADB22CDF07B0029B788 /* SUStandardVersionComparator.h */,
				444F0ADA22CDF07B0029B788 /* SUStandardVersionComparator.m */,
			);
			path = SUStandardVersionComparator;
			sourceTree = "<group>";
		};
		444F0ADE22CDF2600029B788 /* Frameworks */ = {
			isa = PBXGroup;
			children = (
				447E40D622FD8DE800B6BD2D /* CoreServices.framework */,
				44DA20B822E36EF5009FC7C9 /* WebKit.framework */,
				44E067CF22D7772E0010D4A1 /* liblzma.tbd */,
				44564A8022D35D7F00D7FA70 /* libz.tbd */,
				444F0ADF22CDF2600029B788 /* libbz2.tbd */,
			);
			name = Frameworks;
			sourceTree = "<group>";
		};
		447DD38922CDEB1E00E6480F = {
			isa = PBXGroup;
			children = (
				CE577A442336B24E008312F9 /* MagmaMac.entitlements */,
				441C48F122E620C50008D202 /* man2html */,
				444F0AD922CDF06C0029B788 /* SUStandardVersionComparator */,
				444F0AD122CDF0430029B788 /* Compression */,
				444F0A8D22CDF0170029B788 /* Magma */,
				447DD39322CDEB1E00E6480F /* Products */,
				444F0ADE22CDF2600029B788 /* Frameworks */,
			);
			sourceTree = "<group>";
		};
		447DD39322CDEB1E00E6480F /* Products */ = {
			isa = PBXGroup;
			children = (
				447DD39222CDEB1E00E6480F /* Magma.app */,
				CEA65566231AA790004D57EC /* MagmaAPT.app */,
			);
			name = Products;
			sourceTree = "<group>";
		};
		CE4071C52337782900F8E96A /* iOS */ = {
			isa = PBXGroup;
			children = (
				CEA6556A231AA7D5004D57EC /* Sandboxed */,
				CEA65569231AA7CD004D57EC /* Jailbroken */,
			);
			path = iOS;
			sourceTree = "<group>";
		};
		CE4071C62337783600F8E96A /* macOS */ = {
			isa = PBXGroup;
			children = (
				CE2314B52337C14E009B069B /* CatalystSplitViewController.h */,
				CE2314B62337C14E009B069B /* CatalystSplitViewController.m */,
			);
			path = macOS;
			sourceTree = "<group>";
		};
		CEA65569231AA7CD004D57EC /* Jailbroken */ = {
			isa = PBXGroup;
			children = (
				44AE060F22FC1D110025D7A8 /* macros.pch */,
			);
			path = Jailbroken;
			sourceTree = "<group>";
		};
		CEA6556A231AA7D5004D57EC /* Sandboxed */ = {
			isa = PBXGroup;
			children = (
				CE37428C2326AD5A0079FBBE /* macros.pch */,
			);
			path = Sandboxed;
			sourceTree = "<group>";
		};
		CEA6556B231AA7DF004D57EC /* Shared */ = {
			isa = PBXGroup;
			children = (
				44B3E13C22EB6FDD003DFF2F /* AddFeaturedSourceButton.h */,
				44B3E13D22EB6FDD003DFF2F /* AddFeaturedSourceButton.m */,
				44A5050122ECC33F0004D712 /* AddSourceViewController.h */,
				44A5050222ECC33F0004D712 /* AddSourceViewController.m */,
				444F0AB122CDF0280029B788 /* AppDelegate.h */,
				444F0AB422CDF0280029B788 /* AppDelegate.m */,
				4492710122E0986C000F7E51 /* AssetExtensions.h */,
				4492710222E0986C000F7E51 /* AssetExtensions.m */,
				444F0AB522CDF0280029B788 /* Database.h */,
				444F0AA422CDF0270029B788 /* Database.m */,
				44023A0122D4EBE100C155D8 /* DownloadManager.h */,
				44023A0222D4EBE100C155D8 /* DownloadManager.m */,
				444F0A9C22CDF0260029B788 /* DownloadsController.h */,
				444F0A9422CDF0250029B788 /* DownloadsController.m */,
				444F0A9A22CDF0260029B788 /* DPKGParser.h */,
				444F0A9222CDF0250029B788 /* DPKGParser.m */,
				44664E9922EB2AE40042E8E1 /* FeaturedSourceCell.h */,
				44664E9A22EB2AE40042E8E1 /* FeaturedSourceCell.m */,
				44CC638122E1D2D500215ED8 /* FilesViewController.h */,
				44CC638222E1D2D500215ED8 /* FilesViewController.m */,
				444F0AA522CDF0270029B788 /* HomeViewController.h */,
				444F0A9822CDF0260029B788 /* HomeViewController.m */,
				44FC334F22E7581700F19361 /* HTMLViewController.h */,
				44FC335022E7581700F19361 /* HTMLViewController.m */,
				444F0A9522CDF0250029B788 /* Launch Screen.storyboard */,
				4492710422E0BC58000F7E51 /* LocalPackageOverviewController.h */,
				4492710522E0BC58000F7E51 /* LocalPackageOverviewController.m */,
				44EB033022F9A3120034DD4C /* MagmaPreferences.h */,
				44EB033122F9A3120034DD4C /* MagmaPreferences.m */,
				444F0A9B22CDF0260029B788 /* main.m */,
				44DA20B522E36DE5009FC7C9 /* ManpageViewController.h */,
				44DA20B622E36DE5009FC7C9 /* ManpageViewController.m */,
				444F0AA322CDF0270029B788 /* MGTableViewController.h */,
				444F0A9D22CDF0260029B788 /* MGTableViewController.m */,
				444F0A9922CDF0260029B788 /* MGViewController.h */,
				444F0AA622CDF0270029B788 /* MGViewController.m */,
				44CE730622D8DC6D00DD7767 /* OngoingDownloadCell.h */,
				44CE730722D8DC6D00DD7767 /* OngoingDownloadCell.m */,
				444F0AAF22CDF0280029B788 /* Package.h */,
				444F0AB622CDF0280029B788 /* Package.m */,
				444F0AAE22CDF0280029B788 /* PackageCell.h */,
				444F0A9022CDF0250029B788 /* PackageCell.m */,
				4430D18A22CF810E00F21B28 /* PackageDetailsController.h */,
				4430D18B22CF810E00F21B28 /* PackageDetailsController.m */,
				444F0AA722CDF0270029B788 /* PackagesController.h */,
				444F0AAB22CDF0270029B788 /* PackagesController.m */,
				444F0A8F22CDF0250029B788 /* PackageSearchViewController.h */,
				444F0A9F22CDF0260029B788 /* PackageSearchViewController.m */,
				44A5050422ECC53D0004D712 /* PickerTableViewController.h */,
				44A5050522ECC53D0004D712 /* PickerTableViewController.m */,
				44EB033322F9B53E0034DD4C /* PreferencesViewController.h */,
				44EB033422F9B53E0034DD4C /* PreferencesViewController.m */,
				44023A0722D4FB8600C155D8 /* RelatedPackagesController.h */,
				44023A0822D4FB8600C155D8 /* RelatedPackagesController.m */,
				444F0AB822CDF0290029B788 /* SectionPackagesController.h */,
				444F0AA822CDF0270029B788 /* SectionPackagesController.m */,
				444F0AA022CDF0260029B788 /* SectionsController.h */,
				444F0AA922CDF0270029B788 /* SectionsController.m */,
				444F0AB222CDF0280029B788 /* Source.h */,
				444F0A9622CDF0260029B788 /* Source.m */,
				444F0AA122CDF0270029B788 /* SourceCell.h */,
				444F0AB322CDF0280029B788 /* SourceCell.m */,
				444F0AB022CDF0280029B788 /* SourcesViewController.h */,
				444F0AB722CDF0290029B788 /* SourcesViewController.m */,
				44FC335222E76A3F00F19361 /* SpinnerViewController.h */,
				44FC335322E76A3F00F19361 /* SpinnerViewController.m */,
				44FEECD722D471A500950E24 /* TextViewCell.h */,
				44FEECD822D471A500950E24 /* TextViewCell.m */,
				444F0AAC22CDF0280029B788 /* UIImage+ResizeImage.h */,
				444F0AAA22CDF0270029B788 /* UIImage+ResizeImage.m */,
				44CB82A422FB00A800D0E806 /* InstructionsViewController.h */,
				44CB82A522FB00A800D0E806 /* InstructionsViewController.m */,
				CE37428D2326AE890079FBBE /* macros.pch */,
				444F0AE322CDF3140029B788 /* Info.plist */,
			);
			name = Shared;
			sourceTree = "<group>";
		};
/* End PBXGroup section */

/* Begin PBXNativeTarget section */
		447DD39122CDEB1E00E6480F /* Magma */ = {
			isa = PBXNativeTarget;
			buildConfigurationList = 447DD3A822CDEB2000E6480F /* Build configuration list for PBXNativeTarget "Magma" */;
			buildPhases = (
				447DD38E22CDEB1E00E6480F /* Sources */,
				447DD38F22CDEB1E00E6480F /* Frameworks */,
				447DD39022CDEB1E00E6480F /* Resources */,
			);
			buildRules = (
			);
			dependencies = (
			);
			name = Magma;
			productName = Magma;
			productReference = 447DD39222CDEB1E00E6480F /* Magma.app */;
			productType = "com.apple.product-type.application";
		};
		CEA6552F231AA790004D57EC /* MagmaAPT */ = {
			isa = PBXNativeTarget;
			buildConfigurationList = CEA65563231AA790004D57EC /* Build configuration list for PBXNativeTarget "MagmaAPT" */;
			buildPhases = (
				CEA65530231AA790004D57EC /* Sources */,
				CEA6555B231AA790004D57EC /* Frameworks */,
				CEA65560231AA790004D57EC /* Resources */,
			);
			buildRules = (
			);
			dependencies = (
			);
			name = MagmaAPT;
			productName = Magma;
			productReference = CEA65566231AA790004D57EC /* MagmaAPT.app */;
			productType = "com.apple.product-type.application";
		};
/* End PBXNativeTarget section */

/* Begin PBXProject section */
		447DD38A22CDEB1E00E6480F /* Project object */ = {
			isa = PBXProject;
			attributes = {
				LastUpgradeCheck = 1020;
				ORGANIZATIONNAME = PixelOmer;
				TargetAttributes = {
					447DD39122CDEB1E00E6480F = {
						CreatedOnToolsVersion = 10.2.1;
					};
				};
			};
			buildConfigurationList = 447DD38D22CDEB1E00E6480F /* Build configuration list for PBXProject "Magma" */;
			compatibilityVersion = "Xcode 9.3";
			developmentRegion = en;
			hasScannedForEncodings = 0;
			knownRegions = (
				en,
				Base,
			);
			mainGroup = 447DD38922CDEB1E00E6480F;
			productRefGroup = 447DD39322CDEB1E00E6480F /* Products */;
			projectDirPath = "";
			projectRoot = "";
			targets = (
				447DD39122CDEB1E00E6480F /* Magma */,
				CEA6552F231AA790004D57EC /* MagmaAPT */,
			);
		};
/* End PBXProject section */

/* Begin PBXResourcesBuildPhase section */
		447DD39022CDEB1E00E6480F /* Resources */ = {
			isa = PBXResourcesBuildPhase;
			buildActionMask = 2147483647;
			files = (
				444F0ABE22CDF0290029B788 /* Launch Screen.storyboard in Resources */,
				444F0ABC22CDF0290029B788 /* Assets.xcassets in Resources */,
			);
			runOnlyForDeploymentPostprocessing = 0;
		};
		CEA65560231AA790004D57EC /* Resources */ = {
			isa = PBXResourcesBuildPhase;
			buildActionMask = 2147483647;
			files = (
				CEA65561231AA790004D57EC /* Launch Screen.storyboard in Resources */,
				CEA65562231AA790004D57EC /* Assets.xcassets in Resources */,
			);
			runOnlyForDeploymentPostprocessing = 0;
		};
/* End PBXResourcesBuildPhase section */

/* Begin PBXSourcesBuildPhase section */
		447DD38E22CDEB1E00E6480F /* Sources */ = {
			isa = PBXSourcesBuildPhase;
			buildActionMask = 2147483647;
			files = (
				44023A0322D4EBE100C155D8 /* DownloadManager.m in Sources */,
				444F0AC622CDF0290029B788 /* MGViewController.m in Sources */,
				444F0AC922CDF0290029B788 /* UIImage+ResizeImage.m in Sources */,
				44CC638322E1D2D500215ED8 /* FilesViewController.m in Sources */,
				444F0ACE22CDF0290029B788 /* Package.m in Sources */,
				444F0ACD22CDF0290029B788 /* AppDelegate.m in Sources */,
				44023A0922D4FB8600C155D8 /* RelatedPackagesController.m in Sources */,
				444F0AC222CDF0290029B788 /* MGTableViewController.m in Sources */,
				444F0ACF22CDF0290029B788 /* SourcesViewController.m in Sources */,
				444F0ADC22CDF07B0029B788 /* SUStandardVersionComparator.m in Sources */,
				44EB033522F9B53E0034DD4C /* PreferencesViewController.m in Sources */,
				44EB033222F9A3120034DD4C /* MagmaPreferences.m in Sources */,
				444F0AC722CDF0290029B788 /* SectionPackagesController.m in Sources */,
				4430D18C22CF810E00F21B28 /* PackageDetailsController.m in Sources */,
				4492710322E0986C000F7E51 /* AssetExtensions.m in Sources */,
				44A5050322ECC33F0004D712 /* AddSourceViewController.m in Sources */,
				CE2314B72337C14E009B069B /* CatalystSplitViewController.m in Sources */,
				44A5050622ECC53D0004D712 /* PickerTableViewController.m in Sources */,
				44FEECD922D471A500950E24 /* TextViewCell.m in Sources */,
				444F0ABF22CDF0290029B788 /* Source.m in Sources */,
				441C48F822E6264D0008D202 /* abbrev.c in Sources */,
				44DA20B722E36DE5009FC7C9 /* ManpageViewController.m in Sources */,
				444F0ACA22CDF0290029B788 /* PackagesController.m in Sources */,
				444F0AD722CDF0530029B788 /* NSData+Decompression.m in Sources */,
				4492710622E0BC58000F7E51 /* LocalPackageOverviewController.m in Sources */,
				44FC335422E76A3F00F19361 /* SpinnerViewController.m in Sources */,
				444F0ACC22CDF0290029B788 /* SourceCell.m in Sources */,
				444F0AC422CDF0290029B788 /* PackageSearchViewController.m in Sources */,
				44602D0B22D78A8800440D8A /* NSFileManager+Tar.m in Sources */,
				44664E9B22EB2AE40042E8E1 /* FeaturedSourceCell.m in Sources */,
				444F0ABB22CDF0290029B788 /* DPKGParser.m in Sources */,
				44B3E13E22EB6FDD003DFF2F /* AddFeaturedSourceButton.m in Sources */,
				444F0AB922CDF0290029B788 /* PackageCell.m in Sources */,
				441C48FA22E626650008D202 /* strdefs.c in Sources */,
				444F0AC522CDF0290029B788 /* Database.m in Sources */,
				444F0AC022CDF0290029B788 /* HomeViewController.m in Sources */,
				444F0AC822CDF0290029B788 /* SectionsController.m in Sources */,
				444F0AC122CDF0290029B788 /* main.m in Sources */,
				444F0ABD22CDF0290029B788 /* DownloadsController.m in Sources */,
				44CB82A622FB00A800D0E806 /* InstructionsViewController.m in Sources */,
				44FC335122E7581700F19361 /* HTMLViewController.m in Sources */,
				441C48F622E626300008D202 /* man2html.c in Sources */,
				44CE730822D8DC6D00DD7767 /* OngoingDownloadCell.m in Sources */,
			);
			runOnlyForDeploymentPostprocessing = 0;
		};
		CEA65530231AA790004D57EC /* Sources */ = {
			isa = PBXSourcesBuildPhase;
			buildActionMask = 2147483647;
			files = (
				CEA65531231AA790004D57EC /* DownloadManager.m in Sources */,
				CEA65532231AA790004D57EC /* MGViewController.m in Sources */,
				CEA65533231AA790004D57EC /* UIImage+ResizeImage.m in Sources */,
				CEA65534231AA790004D57EC /* FilesViewController.m in Sources */,
				CEA65535231AA790004D57EC /* Package.m in Sources */,
				CEA65536231AA790004D57EC /* AppDelegate.m in Sources */,
				CEA65537231AA790004D57EC /* RelatedPackagesController.m in Sources */,
				CEA65538231AA790004D57EC /* MGTableViewController.m in Sources */,
				CEA65539231AA790004D57EC /* SourcesViewController.m in Sources */,
				CEA6553A231AA790004D57EC /* SUStandardVersionComparator.m in Sources */,
				CEA6553B231AA790004D57EC /* PreferencesViewController.m in Sources */,
				CEA6553C231AA790004D57EC /* MagmaPreferences.m in Sources */,
				CEA6553D231AA790004D57EC /* SectionPackagesController.m in Sources */,
				CEA6553E231AA790004D57EC /* PackageDetailsController.m in Sources */,
				CEA6553F231AA790004D57EC /* AssetExtensions.m in Sources */,
				CEA65540231AA790004D57EC /* AddSourceViewController.m in Sources */,
				CEA65541231AA790004D57EC /* PickerTableViewController.m in Sources */,
				CEA65542231AA790004D57EC /* TextViewCell.m in Sources */,
				CEA65543231AA790004D57EC /* Source.m in Sources */,
				CEA65544231AA790004D57EC /* abbrev.c in Sources */,
				CEA65545231AA790004D57EC /* ManpageViewController.m in Sources */,
				CEA65546231AA790004D57EC /* PackagesController.m in Sources */,
				CEA65547231AA790004D57EC /* NSData+Decompression.m in Sources */,
				CEA65548231AA790004D57EC /* LocalPackageOverviewController.m in Sources */,
				CEA65549231AA790004D57EC /* SpinnerViewController.m in Sources */,
				CEA6554A231AA790004D57EC /* SourceCell.m in Sources */,
				CEA6554B231AA790004D57EC /* PackageSearchViewController.m in Sources */,
				CEA6554C231AA790004D57EC /* NSFileManager+Tar.m in Sources */,
				CEA6554D231AA790004D57EC /* FeaturedSourceCell.m in Sources */,
				CEA6554E231AA790004D57EC /* DPKGParser.m in Sources */,
				CEA6554F231AA790004D57EC /* AddFeaturedSourceButton.m in Sources */,
				CEA65550231AA790004D57EC /* PackageCell.m in Sources */,
				CEA65551231AA790004D57EC /* strdefs.c in Sources */,
				CEA65552231AA790004D57EC /* Database.m in Sources */,
				CEA65553231AA790004D57EC /* HomeViewController.m in Sources */,
				CEA65554231AA790004D57EC /* SectionsController.m in Sources */,
				CEA65555231AA790004D57EC /* main.m in Sources */,
				CEA65556231AA790004D57EC /* DownloadsController.m in Sources */,
				CEA65557231AA790004D57EC /* InstructionsViewController.m in Sources */,
				CEA65558231AA790004D57EC /* HTMLViewController.m in Sources */,
				CEA65559231AA790004D57EC /* man2html.c in Sources */,
				CEA6555A231AA790004D57EC /* OngoingDownloadCell.m in Sources */,
			);
			runOnlyForDeploymentPostprocessing = 0;
		};
/* End PBXSourcesBuildPhase section */

/* Begin XCBuildConfiguration section */
		447DD3A622CDEB2000E6480F /* Debug */ = {
			isa = XCBuildConfiguration;
			buildSettings = {
				ALWAYS_SEARCH_USER_PATHS = NO;
				CLANG_ANALYZER_NONNULL = YES;
				CLANG_ANALYZER_NUMBER_OBJECT_CONVERSION = YES_AGGRESSIVE;
				CLANG_CXX_LANGUAGE_STANDARD = "gnu++14";
				CLANG_CXX_LIBRARY = "libc++";
				CLANG_ENABLE_MODULES = YES;
				CLANG_ENABLE_OBJC_ARC = YES;
				CLANG_ENABLE_OBJC_WEAK = YES;
				CLANG_WARN_BLOCK_CAPTURE_AUTORELEASING = YES;
				CLANG_WARN_BOOL_CONVERSION = YES;
				CLANG_WARN_COMMA = YES;
				CLANG_WARN_CONSTANT_CONVERSION = YES;
				CLANG_WARN_DEPRECATED_OBJC_IMPLEMENTATIONS = YES;
				CLANG_WARN_DIRECT_OBJC_ISA_USAGE = YES_ERROR;
				CLANG_WARN_DOCUMENTATION_COMMENTS = YES;
				CLANG_WARN_EMPTY_BODY = YES;
				CLANG_WARN_ENUM_CONVERSION = YES;
				CLANG_WARN_INFINITE_RECURSION = YES;
				CLANG_WARN_INT_CONVERSION = YES;
				CLANG_WARN_NON_LITERAL_NULL_CONVERSION = YES;
				CLANG_WARN_OBJC_IMPLICIT_RETAIN_SELF = YES;
				CLANG_WARN_OBJC_LITERAL_CONVERSION = YES;
				CLANG_WARN_OBJC_ROOT_CLASS = YES_ERROR;
				CLANG_WARN_RANGE_LOOP_ANALYSIS = YES;
				CLANG_WARN_STRICT_PROTOTYPES = YES;
				CLANG_WARN_SUSPICIOUS_MOVE = YES;
				CLANG_WARN_UNGUARDED_AVAILABILITY = YES_AGGRESSIVE;
				CLANG_WARN_UNREACHABLE_CODE = YES;
				CLANG_WARN__DUPLICATE_METHOD_MATCH = YES;
				CODE_SIGN_IDENTITY = "iPhone Developer";
				COPY_PHASE_STRIP = NO;
				DEBUG_INFORMATION_FORMAT = dwarf;
				ENABLE_STRICT_OBJC_MSGSEND = YES;
				ENABLE_TESTABILITY = YES;
				GCC_C_LANGUAGE_STANDARD = gnu11;
				GCC_DYNAMIC_NO_PIC = NO;
				GCC_NO_COMMON_BLOCKS = YES;
				GCC_OPTIMIZATION_LEVEL = 0;
				GCC_PREPROCESSOR_DEFINITIONS = (
					"DEBUG=1",
					"$(inherited)",
				);
				GCC_WARN_64_TO_32_BIT_CONVERSION = YES;
				GCC_WARN_ABOUT_RETURN_TYPE = YES_ERROR;
				GCC_WARN_UNDECLARED_SELECTOR = YES;
				GCC_WARN_UNINITIALIZED_AUTOS = YES_AGGRESSIVE;
				GCC_WARN_UNUSED_FUNCTION = YES;
				GCC_WARN_UNUSED_VARIABLE = YES;
				IPHONEOS_DEPLOYMENT_TARGET = 12.2;
				MTL_ENABLE_DEBUG_INFO = INCLUDE_SOURCE;
				MTL_FAST_MATH = YES;
				ONLY_ACTIVE_ARCH = YES;
				SDKROOT = iphoneos;
			};
			name = Debug;
		};
		447DD3A722CDEB2000E6480F /* Release */ = {
			isa = XCBuildConfiguration;
			buildSettings = {
				ALWAYS_SEARCH_USER_PATHS = NO;
				CLANG_ANALYZER_NONNULL = YES;
				CLANG_ANALYZER_NUMBER_OBJECT_CONVERSION = YES_AGGRESSIVE;
				CLANG_CXX_LANGUAGE_STANDARD = "gnu++14";
				CLANG_CXX_LIBRARY = "libc++";
				CLANG_ENABLE_MODULES = YES;
				CLANG_ENABLE_OBJC_ARC = YES;
				CLANG_ENABLE_OBJC_WEAK = YES;
				CLANG_WARN_BLOCK_CAPTURE_AUTORELEASING = YES;
				CLANG_WARN_BOOL_CONVERSION = YES;
				CLANG_WARN_COMMA = YES;
				CLANG_WARN_CONSTANT_CONVERSION = YES;
				CLANG_WARN_DEPRECATED_OBJC_IMPLEMENTATIONS = YES;
				CLANG_WARN_DIRECT_OBJC_ISA_USAGE = YES_ERROR;
				CLANG_WARN_DOCUMENTATION_COMMENTS = YES;
				CLANG_WARN_EMPTY_BODY = YES;
				CLANG_WARN_ENUM_CONVERSION = YES;
				CLANG_WARN_INFINITE_RECURSION = YES;
				CLANG_WARN_INT_CONVERSION = YES;
				CLANG_WARN_NON_LITERAL_NULL_CONVERSION = YES;
				CLANG_WARN_OBJC_IMPLICIT_RETAIN_SELF = YES;
				CLANG_WARN_OBJC_LITERAL_CONVERSION = YES;
				CLANG_WARN_OBJC_ROOT_CLASS = YES_ERROR;
				CLANG_WARN_RANGE_LOOP_ANALYSIS = YES;
				CLANG_WARN_STRICT_PROTOTYPES = YES;
				CLANG_WARN_SUSPICIOUS_MOVE = YES;
				CLANG_WARN_UNGUARDED_AVAILABILITY = YES_AGGRESSIVE;
				CLANG_WARN_UNREACHABLE_CODE = YES;
				CLANG_WARN__DUPLICATE_METHOD_MATCH = YES;
				CODE_SIGN_IDENTITY = "iPhone Developer";
				COPY_PHASE_STRIP = NO;
				DEBUG_INFORMATION_FORMAT = "dwarf-with-dsym";
				ENABLE_NS_ASSERTIONS = NO;
				ENABLE_STRICT_OBJC_MSGSEND = YES;
				GCC_C_LANGUAGE_STANDARD = gnu11;
				GCC_NO_COMMON_BLOCKS = YES;
				GCC_WARN_64_TO_32_BIT_CONVERSION = YES;
				GCC_WARN_ABOUT_RETURN_TYPE = YES_ERROR;
				GCC_WARN_UNDECLARED_SELECTOR = YES;
				GCC_WARN_UNINITIALIZED_AUTOS = YES_AGGRESSIVE;
				GCC_WARN_UNUSED_FUNCTION = YES;
				GCC_WARN_UNUSED_VARIABLE = YES;
				IPHONEOS_DEPLOYMENT_TARGET = 12.2;
				MTL_ENABLE_DEBUG_INFO = NO;
				MTL_FAST_MATH = YES;
				SDKROOT = iphoneos;
				VALIDATE_PRODUCT = YES;
			};
			name = Release;
		};
		447DD3A922CDEB2000E6480F /* Debug */ = {
			isa = XCBuildConfiguration;
			buildSettings = {
				ASSETCATALOG_COMPILER_APPICON_NAME = AppIcon;
				CODE_SIGN_ENTITLEMENTS = Magma/Magma.entitlements;
				CODE_SIGN_STYLE = Automatic;
				DERIVE_MACCATALYST_PRODUCT_BUNDLE_IDENTIFIER = YES;
				DEVELOPMENT_TEAM = 9UQFRSGV3G;
				GCC_PRECOMPILE_PREFIX_HEADER = YES;
				GCC_PREFIX_HEADER = Magma/iOS/Sandboxed/macros.pch;
				INFOPLIST_FILE = "$(SRCROOT)/Magma/Info.plist";
				IPHONEOS_DEPLOYMENT_TARGET = 11.0;
				LD_RUNPATH_SEARCH_PATHS = (
					"$(inherited)",
					"@executable_path/Frameworks",
				);
				LIBRARY_SEARCH_PATHS = (
					"$(inherited)",
					"$(PROJECT_DIR)/man2html",
				);
				OTHER_CFLAGS = "-I.";
				PRODUCT_BUNDLE_IDENTIFIER = com.pixelomer.Magma;
				PRODUCT_NAME = "$(TARGET_NAME)";
				SUPPORTS_MACCATALYST = YES;
				TARGETED_DEVICE_FAMILY = "1,2";
			};
			name = Debug;
		};
		447DD3AA22CDEB2000E6480F /* Release */ = {
			isa = XCBuildConfiguration;
			buildSettings = {
				ASSETCATALOG_COMPILER_APPICON_NAME = AppIcon;
				CODE_SIGN_ENTITLEMENTS = Magma/Magma.entitlements;
				CODE_SIGN_STYLE = Automatic;
				DERIVE_MACCATALYST_PRODUCT_BUNDLE_IDENTIFIER = YES;
				DEVELOPMENT_TEAM = 9UQFRSGV3G;
				GCC_PRECOMPILE_PREFIX_HEADER = YES;
				GCC_PREFIX_HEADER = Magma/iOS/Sandboxed/macros.pch;
				INFOPLIST_FILE = "$(SRCROOT)/Magma/Info.plist";
				IPHONEOS_DEPLOYMENT_TARGET = 11.0;
				LD_RUNPATH_SEARCH_PATHS = (
					"$(inherited)",
					"@executable_path/Frameworks",
				);
				LIBRARY_SEARCH_PATHS = (
					"$(inherited)",
					"$(PROJECT_DIR)/man2html",
				);
				OTHER_CFLAGS = "-I.";
				PRODUCT_BUNDLE_IDENTIFIER = com.pixelomer.Magma;
				PRODUCT_NAME = "$(TARGET_NAME)";
				SUPPORTS_MACCATALYST = YES;
				TARGETED_DEVICE_FAMILY = "1,2";
			};
			name = Release;
		};
		CEA65564231AA790004D57EC /* Debug */ = {
			isa = XCBuildConfiguration;
			buildSettings = {
				ASSETCATALOG_COMPILER_APPICON_NAME = AppIcon;
				CODE_SIGN_STYLE = Automatic;
				DEVELOPMENT_TEAM = 9UQFRSGV3G;
				GCC_PRECOMPILE_PREFIX_HEADER = YES;
				GCC_PREFIX_HEADER = Magma/iOS/Jailbroken/macros.pch;
				INFOPLIST_FILE = "$(SRCROOT)/Magma/Info.plist";
				IPHONEOS_DEPLOYMENT_TARGET = 11.0;
				LD_RUNPATH_SEARCH_PATHS = (
					"$(inherited)",
					"@executable_path/Frameworks",
				);
				LIBRARY_SEARCH_PATHS = (
					"$(inherited)",
					"$(PROJECT_DIR)/man2html",
				);
				OTHER_CFLAGS = "-I.";
				PRODUCT_BUNDLE_IDENTIFIER = com.pixelomer.Magma;
				PRODUCT_NAME = "$(TARGET_NAME)";
				TARGETED_DEVICE_FAMILY = "1,2";
			};
			name = Debug;
		};
		CEA65565231AA790004D57EC /* Release */ = {
			isa = XCBuildConfiguration;
			buildSettings = {
				ASSETCATALOG_COMPILER_APPICON_NAME = AppIcon;
				CODE_SIGN_STYLE = Automatic;
				DEVELOPMENT_TEAM = 9UQFRSGV3G;
				GCC_PRECOMPILE_PREFIX_HEADER = YES;
				GCC_PREFIX_HEADER = Magma/iOS/Jailbroken/macros.pch;
				INFOPLIST_FILE = "$(SRCROOT)/Magma/Info.plist";
				IPHONEOS_DEPLOYMENT_TARGET = 11.0;
				LD_RUNPATH_SEARCH_PATHS = (
					"$(inherited)",
					"@executable_path/Frameworks",
				);
				LIBRARY_SEARCH_PATHS = (
					"$(inherited)",
					"$(PROJECT_DIR)/man2html",
				);
				OTHER_CFLAGS = "-I.";
				PRODUCT_BUNDLE_IDENTIFIER = com.pixelomer.Magma;
				PRODUCT_NAME = "$(TARGET_NAME)";
				TARGETED_DEVICE_FAMILY = "1,2";
			};
			name = Release;
		};
/* End XCBuildConfiguration section */

/* Begin XCConfigurationList section */
		447DD38D22CDEB1E00E6480F /* Build configuration list for PBXProject "Magma" */ = {
			isa = XCConfigurationList;
			buildConfigurations = (
				447DD3A622CDEB2000E6480F /* Debug */,
				447DD3A722CDEB2000E6480F /* Release */,
			);
			defaultConfigurationIsVisible = 0;
			defaultConfigurationName = Release;
		};
		447DD3A822CDEB2000E6480F /* Build configuration list for PBXNativeTarget "Magma" */ = {
			isa = XCConfigurationList;
			buildConfigurations = (
				447DD3A922CDEB2000E6480F /* Debug */,
				447DD3AA22CDEB2000E6480F /* Release */,
			);
			defaultConfigurationIsVisible = 0;
			defaultConfigurationName = Release;
		};
		CEA65563231AA790004D57EC /* Build configuration list for PBXNativeTarget "MagmaAPT" */ = {
			isa = XCConfigurationList;
			buildConfigurations = (
				CEA65564231AA790004D57EC /* Debug */,
				CEA65565231AA790004D57EC /* Release */,
			);
			defaultConfigurationIsVisible = 0;
			defaultConfigurationName = Release;
		};
/* End XCConfigurationList section */
	};
	rootObject = 447DD38A22CDEB1E00E6480F /* Project object */;
}
